# This file is generated by running "yarn install" inside your project.
# Manual changes might be lost - proceed with caution!

__metadata:
  version: 8
  cacheKey: 10c0

"@fortawesome/fontawesome-pro@github:FortAwesome/Font-Awesome-Pro":
  version: 5.15.4
  resolution: "@fortawesome/fontawesome-pro@https://github.com/FortAwesome/Font-Awesome-Pro.git#commit=54b771f44d1ece0a5a2d1992b9bc8bd6210887c8"
  checksum: 10c0/6c03dbd45b668f252bb18b29d75c325adf0a5d631a42c9d4af5a92b9336fb822c454364495e393eec11b2ee4e04965724bacae2c0fd2f250d4f5774ca69b9e65
  languageName: node
  linkType: hard

"argparse@npm:^2.0.1":
  version: 2.0.1
  resolution: "argparse@npm:2.0.1"
  checksum: 10c0/c5640c2d89045371c7cedd6a70212a04e360fd34d6edeae32f6952c63949e3525ea77dbec0289d8213a99bbaeab5abfa860b5c12cf88a2e6cf8106e90dd27a7e
  languageName: node
  linkType: hard

"fontawesome-subset@npm:^4.4.0":
  version: 4.4.0
  resolution: "fontawesome-subset@npm:4.4.0"
  dependencies:
    lodash: "npm:>=4.17.21"
    mkdirp: "npm:^2.1.6"
    subset-font: "npm:^2.0.0"
    yaml: "npm:^2.2.1"
  peerDependencies:
    "@fortawesome/fontawesome-free": ">=5.12.0"
    "@fortawesome/fontawesome-pro": ">=5.12.0"
  peerDependenciesMeta:
    "@fortawesome/fontawesome-free":
      optional: true
    "@fortawesome/fontawesome-pro":
      optional: true
  checksum: 10c0/729a3cd8cabbe22b19f054e5ffa7ece4643b7814f69d470fb94042121b44aa0ee4a120087bd6e7f16a37e0202ec1ad67225f16715bc82d31cdd2888d2fdcac3f
  languageName: node
  linkType: hard

"fontverter@npm:^2.0.0":
  version: 2.0.0
  resolution: "fontverter@npm:2.0.0"
  dependencies:
    wawoff2: "npm:^2.0.0"
    woff2sfnt-sfnt2woff: "npm:^1.0.0"
  checksum: 10c0/372f272fca749814594874050ef019e26741c85553b6b1ccf1490477d2f0a303869c35e95650b68866a138b60e0ec7baa2a1113d640ce54fd15a621a5ed35d2a
  languageName: node
  linkType: hard

"harfbuzzjs@npm:^0.3.2":
  version: 0.3.4
  resolution: "harfbuzzjs@npm:0.3.4"
  checksum: 10c0/7136765ea64c55f80d633f7dad1c395eb7acbde1d1e7c4b3abab625dc808c8c1026753f4572d6e9b7bb2beee99ec93819e32757d80473bc0bbc1f04b3af5b12b
  languageName: node
  linkType: hard

"lodash@npm:>=4.17.21, lodash@npm:^4.17.21":
  version: 4.17.21
  resolution: "lodash@npm:4.17.21"
  checksum: 10c0/d8cbea072bb08655bb4c989da418994b073a608dffa608b09ac04b43a791b12aeae7cd7ad919aa4c925f33b48490b5cfe6c1f71d827956071dae2e7bb3a6b74c
  languageName: node
  linkType: hard

"mkdirp@npm:^2.1.6":
  version: 2.1.6
  resolution: "mkdirp@npm:2.1.6"
  bin:
    mkdirp: dist/cjs/src/bin.js
  checksum: 10c0/96f551c651dd8f5f9435d53df1a7b9bfc553be769ee6da5192c37c1f303a376ef1c6996f96913d4a8d357060451d4526a346031d1919f92c58806a5fa3cd8dfe
  languageName: node
  linkType: hard

"p-limit@npm:^3.1.0":
  version: 3.1.0
  resolution: "p-limit@npm:3.1.0"
  dependencies:
    yocto-queue: "npm:^0.1.0"
  checksum: 10c0/9db675949dbdc9c3763c89e748d0ef8bdad0afbb24d49ceaf4c46c02c77d30db4e0652ed36d0a0a7a95154335fab810d95c86153105bb73b3a90448e2bb14e1a
  languageName: node
  linkType: hard

"pako@npm:^1.0.7":
  version: 1.0.11
  resolution: "pako@npm:1.0.11"
  checksum: 10c0/86dd99d8b34c3930345b8bbeb5e1cd8a05f608eeb40967b293f72fe469d0e9c88b783a8777e4cc7dc7c91ce54c5e93d88ff4b4f060e6ff18408fd21030d9ffbe
  languageName: node
  linkType: hard

"root-workspace-0b6124@workspace:.":
  version: 0.0.0-use.local
  resolution: "root-workspace-0b6124@workspace:."
  dependencies:
    "@fortawesome/fontawesome-pro": "github:FortAwesome/Font-Awesome-Pro"
    fontawesome-subset: "npm:^4.4.0"
  languageName: unknown
  linkType: soft

"subset-font@npm:^2.0.0":
  version: 2.1.0
  resolution: "subset-font@npm:2.1.0"
  dependencies:
    fontverter: "npm:^2.0.0"
    harfbuzzjs: "npm:^0.3.2"
    lodash: "npm:^4.17.21"
    p-limit: "npm:^3.1.0"
  checksum: 10c0/15a568dccbdebcacb35124637027f3a64c3695f1cb633f4a97b79347e300390a74b4d38ee034886135edcc73fa7b2c9242adf3b52159d4e9987e6a635821e694
  languageName: node
  linkType: hard

"wawoff2@npm:^2.0.0":
  version: 2.0.1
  resolution: "wawoff2@npm:2.0.1"
  dependencies:
    argparse: "npm:^2.0.1"
  bin:
    woff2_compress.js: bin/woff2_compress.js
    woff2_decompress.js: bin/woff2_decompress.js
  checksum: 10c0/98a286b60114e15ed578bbeeef1759b4890a1e8106e1486d8d0d4106b8e6c7a99c4c1d1b64afc76a83893dae040cc19a59dd64cffd5754b5337b5c82efed3d12
  languageName: node
  linkType: hard

"woff2sfnt-sfnt2woff@npm:^1.0.0":
  version: 1.0.0
  resolution: "woff2sfnt-sfnt2woff@npm:1.0.0"
  dependencies:
    pako: "npm:^1.0.7"
  checksum: 10c0/2af93bdb98c511e1615bd2f31df023bf96c91922197ab7c1401177a0e77ae3528b53b0aeef57ee69e79857cffc8bdb974d7557089b0d999f1765c41ebc1e7ab5
  languageName: node
  linkType: hard

"yaml@npm:^2.2.1":
  version: 2.4.1
  resolution: "yaml@npm:2.4.1"
  bin:
    yaml: bin.mjs
  checksum: 10c0/816057dbaea16a7dfb0b868ace930f143dece96bbb4c4fbb6f38aa389166f897240d9fa535dbfd6b1b0d9442416f4abcc698e63f82394d0c67b329aa6c2be576
  languageName: node
  linkType: hard

"yocto-queue@npm:^0.1.0":
  version: 0.1.0
  resolution: "yocto-queue@npm:0.1.0"
  checksum: 10c0/dceb44c28578b31641e13695d200d34ec4ab3966a5729814d5445b194933c096b7ced71494ce53a0e8820685d1d010df8b2422e5bf2cdea7e469d97ffbea306f
  languageName: node
  linkType: hard
